
Microsoft Visual Studio Solution File, Format Version 12.00
# Visual Studio Version 17
VisualStudioVersion = 17.5.33502.453
MinimumVisualStudioVersion = 10.0.40219.1
Project("{FAE04EC0-301F-11D3-BF4B-00C04F79EFBC}") = "EFDatabaseCode", "EFDatabaseCode\EFDatabaseCode.csproj", "{C7F764D4-E356-4875-B4BB-9E09CE73AB4D}"
EndProject
Global
	GlobalSection(SolutionConfigurationPlatforms) = preSolution
		Debug|Any CPU = Debug|Any CPU
		Release|Any CPU = Release|Any CPU
	EndGlobalSection
	GlobalSection(ProjectConfigurationPlatforms) = postSolution
		{C7F764D4-E356-4875-B4BB-9E09CE73AB4D}.Debug|Any CPU.ActiveCfg = Debug|Any CPU
		{C7F764D4-E356-4875-B4BB-9E09CE73AB4D}.Debug|Any CPU.Build.0 = Debug|Any CPU
		{C7F764D4-E356-4875-B4BB-9E09CE73AB4D}.Release|Any CPU.ActiveCfg = Release|Any CPU
		{C7F764D4-E356-4875-B4BB-9E09CE73AB4D}.Release|Any CPU.Build.0 = Release|Any CPU
	EndGlobalSection
	GlobalSection(SolutionProperties) = preSolution
		HideSolutionNode = FALSE
	EndGlobalSection
	GlobalSection(ExtensibilityGlobals) = postSolution
		SolutionGuid = {FA1E9F7D-D862-4478-A4AE-F3BE3966FAE5}
	EndGlobalSection
EndGlobal
